
Microsoft Visual Studio Solution File, Format Version 12.00
# Visual Studio Version 17
VisualStudioVersion = 17.6.33815.320
MinimumVisualStudioVersion = 10.0.40219.1
Project("{FAE04EC0-301F-11D3-BF4B-00C04F79EFBC}") = "RW_ListOgObjects", "RW_ListOgObjects.csproj", "{7FA2C059-5547-4C90-9940-6328184B425A}"
EndProject
Global
	GlobalSection(SolutionConfigurationPlatforms) = preSolution
		Debug|Any CPU = Debug|Any CPU
		Release|Any CPU = Release|Any CPU
	EndGlobalSection
	GlobalSection(ProjectConfigurationPlatforms) = postSolution
		{7FA2C059-5547-4C90-9940-6328184B425A}.Debug|Any CPU.ActiveCfg = Debug|Any CPU
		{7FA2C059-5547-4C90-9940-6328184B425A}.Debug|Any CPU.Build.0 = Debug|Any CPU
		{7FA2C059-5547-4C90-9940-6328184B425A}.Release|Any CPU.ActiveCfg = Release|Any CPU
		{7FA2C059-5547-4C90-9940-6328184B425A}.Release|Any CPU.Build.0 = Release|Any CPU
	EndGlobalSection
	GlobalSection(SolutionProperties) = preSolution
		HideSolutionNode = FALSE
	EndGlobalSection
	GlobalSection(ExtensibilityGlobals) = postSolution
		SolutionGuid = {05C276C2-DEDC-47C5-ACA4-30E355419D7E}
	EndGlobalSection
EndGlobal
